
Microsoft Visual Studio Solution File, Format Version 12.00
# Visual Studio Version 17
VisualStudioVersion = 17.0.31919.166
MinimumVisualStudioVersion = 10.0.40219.1
Project("{FAE04EC0-301F-11D3-BF4B-00C04F79EFBC}") = "AutoCheckIn", "AutoCheckIn\AutoCheckIn.csproj", "{F9CE3514-7320-4A77-9533-A0D85061E8D9}"
EndProject
Global
	GlobalSection(SolutionConfigurationPlatforms) = preSolution
		Debug|Any CPU = Debug|Any CPU
		Debug|x64 = Debug|x64
		Release|Any CPU = Release|Any CPU
		Release|x64 = Release|x64
	EndGlobalSection
	GlobalSection(ProjectConfigurationPlatforms) = postSolution
		{F9CE3514-7320-4A77-9533-A0D85061E8D9}.Debug|Any CPU.ActiveCfg = Debug|Any CPU
		{F9CE3514-7320-4A77-9533-A0D85061E8D9}.Debug|Any CPU.Build.0 = Debug|Any CPU
		{F9CE3514-7320-4A77-9533-A0D85061E8D9}.Debug|x64.ActiveCfg = Debug|x64
		{F9CE3514-7320-4A77-9533-A0D85061E8D9}.Debug|x64.Build.0 = Debug|x64
		{F9CE3514-7320-4A77-9533-A0D85061E8D9}.Release|Any CPU.ActiveCfg = Release|Any CPU
		{F9CE3514-7320-4A77-9533-A0D85061E8D9}.Release|Any CPU.Build.0 = Release|Any CPU
		{F9CE3514-7320-4A77-9533-A0D85061E8D9}.Release|x64.ActiveCfg = Release|x64
		{F9CE3514-7320-4A77-9533-A0D85061E8D9}.Release|x64.Build.0 = Release|x64
	EndGlobalSection
	GlobalSection(SolutionProperties) = preSolution
		HideSolutionNode = FALSE
	EndGlobalSection
	GlobalSection(ExtensibilityGlobals) = postSolution
		SolutionGuid = {5456415F-B926-40A1-8064-D0EB6148500E}
	EndGlobalSection
EndGlobal
